
Microsoft Visual Studio Solution File, Format Version 12.00
# Visual Studio Version 17
VisualStudioVersion = 17.8.34525.116
MinimumVisualStudioVersion = 10.0.40219.1
Project("{FAE04EC0-301F-11D3-BF4B-00C04F79EFBC}") = "GenericsIntro", "GenericsIntro\GenericsIntro.csproj", "{A00ED88C-E7FA-452D-BCA8-77EF63D2337F}"
EndProject
Global
	GlobalSection(SolutionConfigurationPlatforms) = preSolution
		Debug|Any CPU = Debug|Any CPU
		Release|Any CPU = Release|Any CPU
	EndGlobalSection
	GlobalSection(ProjectConfigurationPlatforms) = postSolution
		{A00ED88C-E7FA-452D-BCA8-77EF63D2337F}.Debug|Any CPU.ActiveCfg = Debug|Any CPU
		{A00ED88C-E7FA-452D-BCA8-77EF63D2337F}.Debug|Any CPU.Build.0 = Debug|Any CPU
		{A00ED88C-E7FA-452D-BCA8-77EF63D2337F}.Release|Any CPU.ActiveCfg = Release|Any CPU
		{A00ED88C-E7FA-452D-BCA8-77EF63D2337F}.Release|Any CPU.Build.0 = Release|Any CPU
	EndGlobalSection
	GlobalSection(SolutionProperties) = preSolution
		HideSolutionNode = FALSE
	EndGlobalSection
	GlobalSection(ExtensibilityGlobals) = postSolution
		SolutionGuid = {0F0AF864-FA8A-47D4-9F51-DC691391963C}
	EndGlobalSection
EndGlobal
